{
  "nodes": {
    "flake-utils": {
      "locked": {
        "lastModified": 1656928814,
        "narHash": "sha256-RIFfgBuKz6Hp89yRr7+NR5tzIAbn52h8vT6vXkYjZoM=",
        "owner": "numtide",
        "repo": "flake-utils",
        "rev": "7e2a3b3dfd9af950a856d66b0a7d01e3c18aa249",
        "type": "github"
      },
      "original": {
        "owner": "numtide",
        "repo": "flake-utils",
        "type": "github"
      }
    },
    "flake-utils_2": {
      "locked": {
        "lastModified": 1656928814,
        "narHash": "sha256-RIFfgBuKz6Hp89yRr7+NR5tzIAbn52h8vT6vXkYjZoM=",
        "owner": "numtide",
        "repo": "flake-utils",
        "rev": "7e2a3b3dfd9af950a856d66b0a7d01e3c18aa249",
        "type": "github"
      },
      "original": {
        "owner": "numtide",
        "repo": "flake-utils",
        "type": "github"
      }
    },
    "flake-utils_3": {
      "locked": {
        "lastModified": 1656065134,
        "narHash": "sha256-oc6E6ByIw3oJaIyc67maaFcnjYOz1mMcOtHxbEf9NwQ=",
        "owner": "numtide",
        "repo": "flake-utils",
        "rev": "bee6a7250dd1b01844a2de7e02e4df7d8a0a206c",
        "type": "github"
      },
      "original": {
        "owner": "numtide",
        "repo": "flake-utils",
        "type": "github"
      }
    },
    "nix-utils": {
      "inputs": {
        "flake-utils": "flake-utils_2",
        "nixpkgs": [
          "nixpkgs"
        ],
        "rust-overlay": [
          "nixpkgs"
        ]
      },
      "locked": {
        "lastModified": 1658446302,
        "narHash": "sha256-bQpX99qetku4xTjIUAJRlPN8YwZ4bKSQyrM+bofmBKc=",
        "ref": "refs/heads/main",
        "rev": "47852ae7b2ed7bb1f708eef2a046eb292d04ace9",
        "revCount": 3,
        "type": "git",
        "url": "ssh://git@github.com/voidcontext/nix-utils"
      },
      "original": {
        "type": "git",
        "url": "ssh://git@github.com/voidcontext/nix-utils"
      }
    },
    "nixpkgs": {
      "locked": {
        "lastModified": 1658406394,
        "narHash": "sha256-hgibXbbmxucpVJy9eOXKn7HxQtVkpeZ8euSnWl6c9Mk=",
        "owner": "NixOS",
        "repo": "nixpkgs",
        "rev": "c93e5ab157b45adbb6165bd85a9d8f67e49ff31d",
        "type": "github"
      },
      "original": {
        "id": "nixpkgs",
        "ref": "release-22.05",
        "type": "indirect"
      }
    },
    "root": {
      "inputs": {
        "flake-utils": "flake-utils",
        "nix-utils": "nix-utils",
        "nixpkgs": "nixpkgs",
        "rust-overlay": "rust-overlay"
      }
    },
    "rust-overlay": {
      "inputs": {
        "flake-utils": "flake-utils_3",
        "nixpkgs": [
          "nixpkgs"
        ]
      },
      "locked": {
        "lastModified": 1658371912,
        "narHash": "sha256-e/17Hr+zWlNJlcuaNxHNGwlzqF+IJu7NWoKYFJj4kZU=",
        "owner": "oxalica",
        "repo": "rust-overlay",
        "rev": "5be0c1633a6f99dfefdca0aad665c941a7b769aa",
        "type": "github"
      },
      "original": {
        "owner": "oxalica",
        "repo": "rust-overlay",
        "type": "github"
      }
    }
  },
  "root": "root",
  "version": 7
}
