{
  "nodes": {
    "flake-utils": {
      "locked": {
        "lastModified": 1659877975,
        "narHash": "sha256-zllb8aq3YO3h8B/U0/J1WBgAL8EX5yWf5pMj3G0NAmc=",
        "owner": "numtide",
        "repo": "flake-utils",
        "rev": "c0e246b9b83f637f4681389ecabcb2681b4f3af0",
        "type": "github"
      },
      "original": {
        "owner": "numtide",
        "repo": "flake-utils",
        "type": "github"
      }
    },
    "flake-utils_2": {
      "locked": {
        "lastModified": 1656928814,
        "narHash": "sha256-RIFfgBuKz6Hp89yRr7+NR5tzIAbn52h8vT6vXkYjZoM=",
        "owner": "numtide",
        "repo": "flake-utils",
        "rev": "7e2a3b3dfd9af950a856d66b0a7d01e3c18aa249",
        "type": "github"
      },
      "original": {
        "owner": "numtide",
        "repo": "flake-utils",
        "type": "github"
      }
    },
    "flake-utils_3": {
      "locked": {
        "lastModified": 1656928814,
        "narHash": "sha256-RIFfgBuKz6Hp89yRr7+NR5tzIAbn52h8vT6vXkYjZoM=",
        "owner": "numtide",
        "repo": "flake-utils",
        "rev": "7e2a3b3dfd9af950a856d66b0a7d01e3c18aa249",
        "type": "github"
      },
      "original": {
        "owner": "numtide",
        "repo": "flake-utils",
        "type": "github"
      }
    },
    "nix-utils": {
      "inputs": {
        "flake-utils": "flake-utils_2",
        "nixpkgs": [
          "nixpkgs"
        ],
        "rust-overlay": [
          "rust-overlay"
        ]
      },
      "locked": {
        "lastModified": 1662620621,
        "narHash": "sha256-7ZxANcNW8wYP+gEeWAsQuyvglcHpZKj+GidJZ1orBXk=",
        "ref": "refs/heads/main",
        "rev": "4741419c5757b326a53269ce6c0bb06f296bf1e8",
        "revCount": 15,
        "type": "git",
        "url": "https://github.com/voidcontext/nix-utils"
      },
      "original": {
        "type": "git",
        "url": "https://github.com/voidcontext/nix-utils"
      }
    },
    "nixpkgs": {
      "locked": {
        "lastModified": 1659429959,
        "narHash": "sha256-iVm2IytezXw9YznQufkr3oHRsPNnweQAJT4Dxo7Smf4=",
        "owner": "NixOS",
        "repo": "nixpkgs",
        "rev": "276c78085161302205e98dcda90f131b2c22f541",
        "type": "github"
      },
      "original": {
        "id": "nixpkgs",
        "ref": "release-22.05",
        "type": "indirect"
      }
    },
    "root": {
      "inputs": {
        "flake-utils": "flake-utils",
        "nix-utils": "nix-utils",
        "nixpkgs": "nixpkgs",
        "rust-overlay": "rust-overlay"
      }
    },
    "rust-overlay": {
      "inputs": {
        "flake-utils": "flake-utils_3",
        "nixpkgs": [
          "nixpkgs"
        ]
      },
      "locked": {
        "lastModified": 1662519741,
        "narHash": "sha256-SrtSAMkTri4KseXliYfOjz9qqGAlX/L+ZZDHAMkYfh0=",
        "owner": "oxalica",
        "repo": "rust-overlay",
        "rev": "fae4c3204fb45876f8b54ab1e982de8896269868",
        "type": "github"
      },
      "original": {
        "owner": "oxalica",
        "repo": "rust-overlay",
        "type": "github"
      }
    }
  },
  "root": "root",
  "version": 7
}
